// !$*UTF8*$!
{
	archiveVersion = 1;
	classes = {
	};
	objectVersion = 46;
	objects = {

/* Begin PBXBuildFile section */
		5BC735421D5BB288008B4BA3 /* main.m in Sources */ = {isa = PBXBuildFile; fileRef = 5BC735411D5BB288008B4BA3 /* main.m */; };
		5BC735451D5BB288008B4BA3 /* AppDelegate.m in Sources */ = {isa = PBXBuildFile; fileRef = 5BC735441D5BB288008B4BA3 /* AppDelegate.m */; };
		5BC735481D5BB288008B4BA3 /* ViewController.m in Sources */ = {isa = PBXBuildFile; fileRef = 5BC735471D5BB288008B4BA3 /* ViewController.m */; };
		5BC7354B1D5BB288008B4BA3 /* Main.storyboard in Resources */ = {isa = PBXBuildFile; fileRef = 5BC735491D5BB288008B4BA3 /* Main.storyboard */; };
		5BC7354E1D5BB288008B4BA3 /* FoodFaves.xcdatamodeld in Sources */ = {isa = PBXBuildFile; fileRef = 5BC7354C1D5BB288008B4BA3 /* FoodFaves.xcdatamodeld */; };
		5BC735501D5BB288008B4BA3 /* Assets.xcassets in Resources */ = {isa = PBXBuildFile; fileRef = 5BC7354F1D5BB288008B4BA3 /* Assets.xcassets */; };
		5BC735531D5BB288008B4BA3 /* LaunchScreen.storyboard in Resources */ = {isa = PBXBuildFile; fileRef = 5BC735511D5BB288008B4BA3 /* LaunchScreen.storyboard */; };
/* End PBXBuildFile section */

/* Begin PBXFileReference section */
		5BC7353D1D5BB288008B4BA3 /* FoodFaves.app */ = {isa = PBXFileReference; explicitFileType = wrapper.application; includeInIndex = 0; path = FoodFaves.app; sourceTree = BUILT_PRODUCTS_DIR; };
		5BC735411D5BB288008B4BA3 /* main.m */ = {isa = PBXFileReference; lastKnownFileType = sourcecode.c.objc; path = main.m; sourceTree = "<group>"; };
		5BC735431D5BB288008B4BA3 /* AppDelegate.h */ = {isa = PBXFileReference; lastKnownFileType = sourcecode.c.h; path = AppDelegate.h; sourceTree = "<group>"; };
		5BC735441D5BB288008B4BA3 /* AppDelegate.m */ = {isa = PBXFileReference; lastKnownFileType = sourcecode.c.objc; path = AppDelegate.m; sourceTree = "<group>"; };
		5BC735461D5BB288008B4BA3 /* ViewController.h */ = {isa = PBXFileReference; lastKnownFileType = sourcecode.c.h; path = ViewController.h; sourceTree = "<group>"; };
		5BC735471D5BB288008B4BA3 /* ViewController.m */ = {isa = PBXFileReference; lastKnownFileType = sourcecode.c.objc; path = ViewController.m; sourceTree = "<group>"; };
		5BC7354A1D5BB288008B4BA3 /* Base */ = {isa = PBXFileReference; lastKnownFileType = file.storyboard; name = Base; path = Base.lproj/Main.storyboard; sourceTree = "<group>"; };
		5BC7354D1D5BB288008B4BA3 /* FoodFaves.xcdatamodel */ = {isa = PBXFileReference; lastKnownFileType = wrapper.xcdatamodel; path = FoodFaves.xcdatamodel; sourceTree = "<group>"; };
		5BC7354F1D5BB288008B4BA3 /* Assets.xcassets */ = {isa = PBXFileReference; lastKnownFileType = folder.assetcatalog; path = Assets.xcassets; sourceTree = "<group>"; };
		5BC735521D5BB288008B4BA3 /* Base */ = {isa = PBXFileReference; lastKnownFileType = file.storyboard; name = Base; path = Base.lproj/LaunchScreen.storyboard; sourceTree = "<group>"; };
		5BC735541D5BB288008B4BA3 /* Info.plist */ = {isa = PBXFileReference; lastKnownFileType = text.plist.xml; path = Info.plist; sourceTree = "<group>"; };
/* End PBXFileReference section */

/* Begin PBXFrameworksBuildPhase section */
		5BC7353A1D5BB288008B4BA3 /* Frameworks */ = {
			isa = PBXFrameworksBuildPhase;
			buildActionMask = 2147483647;
			files = (
			);
			runOnlyForDeploymentPostprocessing = 0;
		};
/* End PBXFrameworksBuildPhase section */

/* Begin PBXGroup section */
		5BC735341D5BB288008B4BA3 = {
			isa = PBXGroup;
			children = (
				5BC7353F1D5BB288008B4BA3 /* FoodFaves */,
				5BC7353E1D5BB288008B4BA3 /* Products */,
			);
			sourceTree = "<group>";
		};
		5BC7353E1D5BB288008B4BA3 /* Products */ = {
			isa = PBXGroup;
			children = (
				5BC7353D1D5BB288008B4BA3 /* FoodFaves.app */,
			);
			name = Products;
			sourceTree = "<group>";
		};
		5BC7353F1D5BB288008B4BA3 /* FoodFaves */ = {
			isa = PBXGroup;
			children = (
				5BC735431D5BB288008B4BA3 /* AppDelegate.h */,
				5BC735441D5BB288008B4BA3 /* AppDelegate.m */,
				5BC735461D5BB288008B4BA3 /* ViewController.h */,
				5BC735471D5BB288008B4BA3 /* ViewController.m */,
				5BC735491D5BB288008B4BA3 /* Main.storyboard */,
				5BC7354F1D5BB288008B4BA3 /* Assets.xcassets */,
				5BC735511D5BB288008B4BA3 /* LaunchScreen.storyboard */,
				5BC735541D5BB288008B4BA3 /* Info.plist */,
				5BC7354C1D5BB288008B4BA3 /* FoodFaves.xcdatamodeld */,
				5BC735401D5BB288008B4BA3 /* Supporting Files */,
			);
			path = FoodFaves;
			sourceTree = "<group>";
		};
		5BC735401D5BB288008B4BA3 /* Supporting Files */ = {
			isa = PBXGroup;
			children = (
				5BC735411D5BB288008B4BA3 /* main.m */,
			);
			name = "Supporting Files";
			sourceTree = "<group>";
		};
/* End PBXGroup section */

/* Begin PBXNativeTarget section */
		5BC7353C1D5BB288008B4BA3 /* FoodFaves */ = {
			isa = PBXNativeTarget;
			buildConfigurationList = 5BC735571D5BB288008B4BA3 /* Build configuration list for PBXNativeTarget "FoodFaves" */;
			buildPhases = (
				5BC735391D5BB288008B4BA3 /* Sources */,
				5BC7353A1D5BB288008B4BA3 /* Frameworks */,
				5BC7353B1D5BB288008B4BA3 /* Resources */,
			);
			buildRules = (
			);
			dependencies = (
			);
			name = FoodFaves;
			productName = FoodFaves;
			productReference = 5BC7353D1D5BB288008B4BA3 /* FoodFaves.app */;
			productType = "com.apple.product-type.application";
		};
/* End PBXNativeTarget section */

/* Begin PBXProject section */
		5BC735351D5BB288008B4BA3 /* Project object */ = {
			isa = PBXProject;
			attributes = {
				LastUpgradeCheck = 0730;
				ORGANIZATIONNAME = "The Iron Yard";
				TargetAttributes = {
					5BC7353C1D5BB288008B4BA3 = {
						CreatedOnToolsVersion = 7.3.1;
					};
				};
			};
			buildConfigurationList = 5BC735381D5BB288008B4BA3 /* Build configuration list for PBXProject "FoodFaves" */;
			compatibilityVersion = "Xcode 3.2";
			developmentRegion = English;
			hasScannedForEncodings = 0;
			knownRegions = (
				en,
				Base,
			);
			mainGroup = 5BC735341D5BB288008B4BA3;
			productRefGroup = 5BC7353E1D5BB288008B4BA3 /* Products */;
			projectDirPath = "";
			projectRoot = "";
			targets = (
				5BC7353C1D5BB288008B4BA3 /* FoodFaves */,
			);
		};
/* End PBXProject section */

/* Begin PBXResourcesBuildPhase section */
		5BC7353B1D5BB288008B4BA3 /* Resources */ = {
			isa = PBXResourcesBuildPhase;
			buildActionMask = 2147483647;
			files = (
				5BC735531D5BB288008B4BA3 /* LaunchScreen.storyboard in Resources */,
				5BC735501D5BB288008B4BA3 /* Assets.xcassets in Resources */,
				5BC7354B1D5BB288008B4BA3 /* Main.storyboard in Resources */,
			);
			runOnlyForDeploymentPostprocessing = 0;
		};
/* End PBXResourcesBuildPhase section */

/* Begin PBXSourcesBuildPhase section */
		5BC735391D5BB288008B4BA3 /* Sources */ = {
			isa = PBXSourcesBuildPhase;
			buildActionMask = 2147483647;
			files = (
				5BC735481D5BB288008B4BA3 /* ViewController.m in Sources */,
				5BC735451D5BB288008B4BA3 /* AppDelegate.m in Sources */,
				5BC735421D5BB288008B4BA3 /* main.m in Sources */,
				5BC7354E1D5BB288008B4BA3 /* FoodFaves.xcdatamodeld in Sources */,
			);
			runOnlyForDeploymentPostprocessing = 0;
		};
/* End PBXSourcesBuildPhase section */

/* Begin PBXVariantGroup section */
		5BC735491D5BB288008B4BA3 /* Main.storyboard */ = {
			isa = PBXVariantGroup;
			children = (
				5BC7354A1D5BB288008B4BA3 /* Base */,
			);
			name = Main.storyboard;
			sourceTree = "<group>";
		};
		5BC735511D5BB288008B4BA3 /* LaunchScreen.storyboard */ = {
			isa = PBXVariantGroup;
			children = (
				5BC735521D5BB288008B4BA3 /* Base */,
			);
			name = LaunchScreen.storyboard;
			sourceTree = "<group>";
		};
/* End PBXVariantGroup section */

/* Begin XCBuildConfiguration section */
		5BC735551D5BB288008B4BA3 /* Debug */ = {
			isa = XCBuildConfiguration;
			buildSettings = {
				ALWAYS_SEARCH_USER_PATHS = NO;
				CLANG_ANALYZER_NONNULL = YES;
				CLANG_CXX_LANGUAGE_STANDARD = "gnu++0x";
				CLANG_CXX_LIBRARY = "libc++";
				CLANG_ENABLE_MODULES = YES;
				CLANG_ENABLE_OBJC_ARC = YES;
				CLANG_WARN_BOOL_CONVERSION = YES;
				CLANG_WARN_CONSTANT_CONVERSION = YES;
				CLANG_WARN_DIRECT_OBJC_ISA_USAGE = YES_ERROR;
				CLANG_WARN_EMPTY_BODY = YES;
				CLANG_WARN_ENUM_CONVERSION = YES;
				CLANG_WARN_INT_CONVERSION = YES;
				CLANG_WARN_OBJC_ROOT_CLASS = YES_ERROR;
				CLANG_WARN_UNREACHABLE_CODE = YES;
				CLANG_WARN__DUPLICATE_METHOD_MATCH = YES;
				"CODE_SIGN_IDENTITY[sdk=iphoneos*]" = "iPhone Developer";
				COPY_PHASE_STRIP = NO;
				DEBUG_INFORMATION_FORMAT = dwarf;
				ENABLE_STRICT_OBJC_MSGSEND = YES;
				ENABLE_TESTABILITY = YES;
				GCC_C_LANGUAGE_STANDARD = gnu99;
				GCC_DYNAMIC_NO_PIC = NO;
				GCC_NO_COMMON_BLOCKS = YES;
				GCC_OPTIMIZATION_LEVEL = 0;
				GCC_PREPROCESSOR_DEFINITIONS = (
					"DEBUG=1",
					"$(inherited)",
				);
				GCC_WARN_64_TO_32_BIT_CONVERSION = YES;
				GCC_WARN_ABOUT_RETURN_TYPE = YES_ERROR;
				GCC_WARN_UNDECLARED_SELECTOR = YES;
				GCC_WARN_UNINITIALIZED_AUTOS = YES_AGGRESSIVE;
				GCC_WARN_UNUSED_FUNCTION = YES;
				GCC_WARN_UNUSED_VARIABLE = YES;
				IPHONEOS_DEPLOYMENT_TARGET = 9.3;
				MTL_ENABLE_DEBUG_INFO = YES;
				ONLY_ACTIVE_ARCH = YES;
				SDKROOT = iphoneos;
			};
			name = Debug;
		};
		5BC735561D5BB288008B4BA3 /* Release */ = {
			isa = XCBuildConfiguration;
			buildSettings = {
				ALWAYS_SEARCH_USER_PATHS = NO;
				CLANG_ANALYZER_NONNULL = YES;
				CLANG_CXX_LANGUAGE_STANDARD = "gnu++0x";
				CLANG_CXX_LIBRARY = "libc++";
				CLANG_ENABLE_MODULES = YES;
				CLANG_ENABLE_OBJC_ARC = YES;
				CLANG_WARN_BOOL_CONVERSION = YES;
				CLANG_WARN_CONSTANT_CONVERSION = YES;
				CLANG_WARN_DIRECT_OBJC_ISA_USAGE = YES_ERROR;
				CLANG_WARN_EMPTY_BODY = YES;
				CLANG_WARN_ENUM_CONVERSION = YES;
				CLANG_WARN_INT_CONVERSION = YES;
				CLANG_WARN_OBJC_ROOT_CLASS = YES_ERROR;
				CLANG_WARN_UNREACHABLE_CODE = YES;
				CLANG_WARN__DUPLICATE_METHOD_MATCH = YES;
				"CODE_SIGN_IDENTITY[sdk=iphoneos*]" = "iPhone Developer";
				COPY_PHASE_STRIP = NO;
				DEBUG_INFORMATION_FORMAT = "dwarf-with-dsym";
				ENABLE_NS_ASSERTIONS = NO;
				ENABLE_STRICT_OBJC_MSGSEND = YES;
				GCC_C_LANGUAGE_STANDARD = gnu99;
				GCC_NO_COMMON_BLOCKS = YES;
				GCC_WARN_64_TO_32_BIT_CONVERSION = YES;
				GCC_WARN_ABOUT_RETURN_TYPE = YES_ERROR;
				GCC_WARN_UNDECLARED_SELECTOR = YES;
				GCC_WARN_UNINITIALIZED_AUTOS = YES_AGGRESSIVE;
				GCC_WARN_UNUSED_FUNCTION = YES;
				GCC_WARN_UNUSED_VARIABLE = YES;
				IPHONEOS_DEPLOYMENT_TARGET = 9.3;
				MTL_ENABLE_DEBUG_INFO = NO;
				SDKROOT = iphoneos;
				VALIDATE_PRODUCT = YES;
			};
			name = Release;
		};
		5BC735581D5BB288008B4BA3 /* Debug */ = {
			isa = XCBuildConfiguration;
			buildSettings = {
				ASSETCATALOG_COMPILER_APPICON_NAME = AppIcon;
				INFOPLIST_FILE = FoodFaves/Info.plist;
				LD_RUNPATH_SEARCH_PATHS = "$(inherited) @executable_path/Frameworks";
				PRODUCT_BUNDLE_IDENTIFIER = com.tiy.FoodFaves;
				PRODUCT_NAME = "$(TARGET_NAME)";
			};
			name = Debug;
		};
		5BC735591D5BB288008B4BA3 /* Release */ = {
			isa = XCBuildConfiguration;
			buildSettings = {
				ASSETCATALOG_COMPILER_APPICON_NAME = AppIcon;
				INFOPLIST_FILE = FoodFaves/Info.plist;
				LD_RUNPATH_SEARCH_PATHS = "$(inherited) @executable_path/Frameworks";
				PRODUCT_BUNDLE_IDENTIFIER = com.tiy.FoodFaves;
				PRODUCT_NAME = "$(TARGET_NAME)";
			};
			name = Release;
		};
/* End XCBuildConfiguration section */

/* Begin XCConfigurationList section */
		5BC735381D5BB288008B4BA3 /* Build configuration list for PBXProject "FoodFaves" */ = {
			isa = XCConfigurationList;
			buildConfigurations = (
				5BC735551D5BB288008B4BA3 /* Debug */,
				5BC735561D5BB288008B4BA3 /* Release */,
			);
			defaultConfigurationIsVisible = 0;
			defaultConfigurationName = Release;
		};
		5BC735571D5BB288008B4BA3 /* Build configuration list for PBXNativeTarget "FoodFaves" */ = {
			isa = XCConfigurationList;
			buildConfigurations = (
				5BC735581D5BB288008B4BA3 /* Debug */,
				5BC735591D5BB288008B4BA3 /* Release */,
			);
			defaultConfigurationIsVisible = 0;
		};
/* End XCConfigurationList section */

/* Begin XCVersionGroup section */
		5BC7354C1D5BB288008B4BA3 /* FoodFaves.xcdatamodeld */ = {
			isa = XCVersionGroup;
			children = (
				5BC7354D1D5BB288008B4BA3 /* FoodFaves.xcdatamodel */,
			);
			currentVersion = 5BC7354D1D5BB288008B4BA3 /* FoodFaves.xcdatamodel */;
			path = FoodFaves.xcdatamodeld;
			sourceTree = "<group>";
			versionGroupType = wrapper.xcdatamodel;
		};
/* End XCVersionGroup section */
	};
	rootObject = 5BC735351D5BB288008B4BA3 /* Project object */;
}
